
Microsoft Visual Studio Solution File, Format Version 12.00
# Visual Studio Version 17
VisualStudioVersion = 17.9.34728.123
MinimumVisualStudioVersion = 10.0.40219.1
Project("{9A19103F-16F7-4668-BE54-9A1E7A4F7556}") = "Chess logic", "Chess logic\Chess logic.csproj", "{955DC284-3C16-467C-BDFC-EB3EB8EC6013}"
EndProject
Project("{9A19103F-16F7-4668-BE54-9A1E7A4F7556}") = "Chess UI", "Chess UI\Chess UI.csproj", "{1C98BAEE-4548-4B05-9C09-87EBFA23D1B1}"
EndProject
Global
	GlobalSection(SolutionConfigurationPlatforms) = preSolution
		Debug|Any CPU = Debug|Any CPU
		Release|Any CPU = Release|Any CPU
	EndGlobalSection
	GlobalSection(ProjectConfigurationPlatforms) = postSolution
		{955DC284-3C16-467C-BDFC-EB3EB8EC6013}.Debug|Any CPU.ActiveCfg = Debug|Any CPU
		{955DC284-3C16-467C-BDFC-EB3EB8EC6013}.Debug|Any CPU.Build.0 = Debug|Any CPU
		{955DC284-3C16-467C-BDFC-EB3EB8EC6013}.Release|Any CPU.ActiveCfg = Release|Any CPU
		{955DC284-3C16-467C-BDFC-EB3EB8EC6013}.Release|Any CPU.Build.0 = Release|Any CPU
		{1C98BAEE-4548-4B05-9C09-87EBFA23D1B1}.Debug|Any CPU.ActiveCfg = Debug|Any CPU
		{1C98BAEE-4548-4B05-9C09-87EBFA23D1B1}.Debug|Any CPU.Build.0 = Debug|Any CPU
		{1C98BAEE-4548-4B05-9C09-87EBFA23D1B1}.Release|Any CPU.ActiveCfg = Release|Any CPU
		{1C98BAEE-4548-4B05-9C09-87EBFA23D1B1}.Release|Any CPU.Build.0 = Release|Any CPU
	EndGlobalSection
	GlobalSection(SolutionProperties) = preSolution
		HideSolutionNode = FALSE
	EndGlobalSection
	GlobalSection(ExtensibilityGlobals) = postSolution
		SolutionGuid = {A15215C8-A02A-4DF6-B8EF-C13DCAA992D6}
	EndGlobalSection
EndGlobal
